
Microsoft Visual Studio Solution File, Format Version 12.00
# Visual Studio Version 17
VisualStudioVersion = 17.12.35527.113
MinimumVisualStudioVersion = 10.0.40219.1
Project("{FAE04EC0-301F-11D3-BF4B-00C04F79EFBC}") = "Fire-Emblem.API", "Fire-Emblem.API\Fire-Emblem.API.csproj", "{500247D7-09AD-40E6-8963-DA86C04D2DE5}"
	ProjectSection(ProjectDependencies) = postProject
		{458EF9C0-CA5F-414C-9477-84373836A920} = {458EF9C0-CA5F-414C-9477-84373836A920}
	EndProjectSection
EndProject
Project("{FAE04EC0-301F-11D3-BF4B-00C04F79EFBC}") = "Fire-Emblem.Common", "Fire-Emblem.Common\Fire-Emblem.Common.csproj", "{458EF9C0-CA5F-414C-9477-84373836A920}"
EndProject
Project("{2150E333-8FDC-42A3-9474-1A3956D46DE8}") = "Solution Items", "Solution Items", "{410CAD03-074C-4966-B22C-BC7200668D7A}"
	ProjectSection(SolutionItems) = preProject
		.editorconfig = .editorconfig
	EndProjectSection
EndProject
Global
	GlobalSection(SolutionConfigurationPlatforms) = preSolution
		Debug|Any CPU = Debug|Any CPU
		Release|Any CPU = Release|Any CPU
	EndGlobalSection
	GlobalSection(ProjectConfigurationPlatforms) = postSolution
		{500247D7-09AD-40E6-8963-DA86C04D2DE5}.Debug|Any CPU.ActiveCfg = Debug|Any CPU
		{500247D7-09AD-40E6-8963-DA86C04D2DE5}.Debug|Any CPU.Build.0 = Debug|Any CPU
		{500247D7-09AD-40E6-8963-DA86C04D2DE5}.Release|Any CPU.ActiveCfg = Release|Any CPU
		{500247D7-09AD-40E6-8963-DA86C04D2DE5}.Release|Any CPU.Build.0 = Release|Any CPU
		{458EF9C0-CA5F-414C-9477-84373836A920}.Debug|Any CPU.ActiveCfg = Debug|Any CPU
		{458EF9C0-CA5F-414C-9477-84373836A920}.Debug|Any CPU.Build.0 = Debug|Any CPU
		{458EF9C0-CA5F-414C-9477-84373836A920}.Release|Any CPU.ActiveCfg = Release|Any CPU
		{458EF9C0-CA5F-414C-9477-84373836A920}.Release|Any CPU.Build.0 = Release|Any CPU
	EndGlobalSection
	GlobalSection(SolutionProperties) = preSolution
		HideSolutionNode = FALSE
	EndGlobalSection
EndGlobal
